
Microsoft Visual Studio Solution File, Format Version 12.00
# Visual Studio Version 16
VisualStudioVersion = 16.0.31729.503
MinimumVisualStudioVersion = 10.0.40219.1
Project("{FAE04EC0-301F-11D3-BF4B-00C04F79EFBC}") = "LiskovSubstitutionUsingTrue", "LiskovSubstitutionUsingTrue\LiskovSubstitutionUsingTrue.csproj", "{98B8408F-29DB-4B29-8811-A400C9016FE8}"
EndProject
Project("{FAE04EC0-301F-11D3-BF4B-00C04F79EFBC}") = "LiskovSubstitutionUsingFalse", "LiskovSubstitutionUsingFalse\LiskovSubstitutionUsingFalse.csproj", "{1BE83AFB-4B5B-4BCF-A758-F127BBBC98FE}"
EndProject
Global
	GlobalSection(SolutionConfigurationPlatforms) = preSolution
		Debug|Any CPU = Debug|Any CPU
		Release|Any CPU = Release|Any CPU
	EndGlobalSection
	GlobalSection(ProjectConfigurationPlatforms) = postSolution
		{98B8408F-29DB-4B29-8811-A400C9016FE8}.Debug|Any CPU.ActiveCfg = Debug|Any CPU
		{98B8408F-29DB-4B29-8811-A400C9016FE8}.Debug|Any CPU.Build.0 = Debug|Any CPU
		{98B8408F-29DB-4B29-8811-A400C9016FE8}.Release|Any CPU.ActiveCfg = Release|Any CPU
		{98B8408F-29DB-4B29-8811-A400C9016FE8}.Release|Any CPU.Build.0 = Release|Any CPU
		{1BE83AFB-4B5B-4BCF-A758-F127BBBC98FE}.Debug|Any CPU.ActiveCfg = Debug|Any CPU
		{1BE83AFB-4B5B-4BCF-A758-F127BBBC98FE}.Debug|Any CPU.Build.0 = Debug|Any CPU
		{1BE83AFB-4B5B-4BCF-A758-F127BBBC98FE}.Release|Any CPU.ActiveCfg = Release|Any CPU
		{1BE83AFB-4B5B-4BCF-A758-F127BBBC98FE}.Release|Any CPU.Build.0 = Release|Any CPU
	EndGlobalSection
	GlobalSection(SolutionProperties) = preSolution
		HideSolutionNode = FALSE
	EndGlobalSection
	GlobalSection(ExtensibilityGlobals) = postSolution
		SolutionGuid = {0BE9A12D-FBDA-4BB0-9AF8-896A9CA22AA7}
	EndGlobalSection
EndGlobal
